
Microsoft Visual Studio Solution File, Format Version 12.00
# Visual Studio Version 17
VisualStudioVersion = 17.14.36811.4 d17.14
MinimumVisualStudioVersion = 10.0.40219.1
Project("{FAE04EC0-301F-11D3-BF4B-00C04F79EFBC}") = "Archive.API", "Archive.API\Archive.API.csproj", "{DE9CEF12-98A1-44EC-B097-ACA43F3DEE60}"
EndProject
Project("{FAE04EC0-301F-11D3-BF4B-00C04F79EFBC}") = "Archive.Application", "Archive.Application\Archive.Application.csproj", "{05B5F3E3-A279-4960-B236-AAD027EE0627}"
EndProject
Project("{FAE04EC0-301F-11D3-BF4B-00C04F79EFBC}") = "Archive.Domain", "Archive.Domain\Archive.Domain.csproj", "{8DEAA3EA-ED82-4085-BF2F-26A88B930A66}"
EndProject
Project("{FAE04EC0-301F-11D3-BF4B-00C04F79EFBC}") = "Archive.Infrastructure", "Archive.Infrastructure\Archive.Infrastructure.csproj", "{7C00CA25-2732-4A98-8B37-FD4A21520665}"
EndProject
Global
	GlobalSection(SolutionConfigurationPlatforms) = preSolution
		Debug|Any CPU = Debug|Any CPU
		Release|Any CPU = Release|Any CPU
	EndGlobalSection
	GlobalSection(ProjectConfigurationPlatforms) = postSolution
		{DE9CEF12-98A1-44EC-B097-ACA43F3DEE60}.Debug|Any CPU.ActiveCfg = Debug|Any CPU
		{DE9CEF12-98A1-44EC-B097-ACA43F3DEE60}.Debug|Any CPU.Build.0 = Debug|Any CPU
		{DE9CEF12-98A1-44EC-B097-ACA43F3DEE60}.Release|Any CPU.ActiveCfg = Release|Any CPU
		{DE9CEF12-98A1-44EC-B097-ACA43F3DEE60}.Release|Any CPU.Build.0 = Release|Any CPU
		{05B5F3E3-A279-4960-B236-AAD027EE0627}.Debug|Any CPU.ActiveCfg = Debug|Any CPU
		{05B5F3E3-A279-4960-B236-AAD027EE0627}.Debug|Any CPU.Build.0 = Debug|Any CPU
		{05B5F3E3-A279-4960-B236-AAD027EE0627}.Release|Any CPU.ActiveCfg = Release|Any CPU
		{05B5F3E3-A279-4960-B236-AAD027EE0627}.Release|Any CPU.Build.0 = Release|Any CPU
		{8DEAA3EA-ED82-4085-BF2F-26A88B930A66}.Debug|Any CPU.ActiveCfg = Debug|Any CPU
		{8DEAA3EA-ED82-4085-BF2F-26A88B930A66}.Debug|Any CPU.Build.0 = Debug|Any CPU
		{8DEAA3EA-ED82-4085-BF2F-26A88B930A66}.Release|Any CPU.ActiveCfg = Release|Any CPU
		{8DEAA3EA-ED82-4085-BF2F-26A88B930A66}.Release|Any CPU.Build.0 = Release|Any CPU
		{7C00CA25-2732-4A98-8B37-FD4A21520665}.Debug|Any CPU.ActiveCfg = Debug|Any CPU
		{7C00CA25-2732-4A98-8B37-FD4A21520665}.Debug|Any CPU.Build.0 = Debug|Any CPU
		{7C00CA25-2732-4A98-8B37-FD4A21520665}.Release|Any CPU.ActiveCfg = Release|Any CPU
		{7C00CA25-2732-4A98-8B37-FD4A21520665}.Release|Any CPU.Build.0 = Release|Any CPU
	EndGlobalSection
	GlobalSection(SolutionProperties) = preSolution
		HideSolutionNode = FALSE
	EndGlobalSection
	GlobalSection(ExtensibilityGlobals) = postSolution
		SolutionGuid = {4FF2B152-4501-4932-844A-12B5AADB16F9}
	EndGlobalSection
EndGlobal
